
Microsoft Visual Studio Solution File, Format Version 12.00
# Visual Studio Version 17
VisualStudioVersion = 17.11.35312.102
MinimumVisualStudioVersion = 10.0.40219.1
Project("{FAE04EC0-301F-11D3-BF4B-00C04F79EFBC}") = "Linear Search", "Linear Search\Linear Search.csproj", "{7A27C029-F8FE-4217-A406-900D69B0AADD}"
EndProject
Global
	GlobalSection(SolutionConfigurationPlatforms) = preSolution
		Debug|Any CPU = Debug|Any CPU
		Release|Any CPU = Release|Any CPU
	EndGlobalSection
	GlobalSection(ProjectConfigurationPlatforms) = postSolution
		{7A27C029-F8FE-4217-A406-900D69B0AADD}.Debug|Any CPU.ActiveCfg = Debug|Any CPU
		{7A27C029-F8FE-4217-A406-900D69B0AADD}.Debug|Any CPU.Build.0 = Debug|Any CPU
		{7A27C029-F8FE-4217-A406-900D69B0AADD}.Release|Any CPU.ActiveCfg = Release|Any CPU
		{7A27C029-F8FE-4217-A406-900D69B0AADD}.Release|Any CPU.Build.0 = Release|Any CPU
	EndGlobalSection
	GlobalSection(SolutionProperties) = preSolution
		HideSolutionNode = FALSE
	EndGlobalSection
	GlobalSection(ExtensibilityGlobals) = postSolution
		SolutionGuid = {7EA27AB9-0FDA-4006-843A-8E3F538C8911}
	EndGlobalSection
EndGlobal
